<?xml version="1.0" encoding="UTF-8"?>
<CodeBlocks_project_file>
	<FileVersion major="1" minor="6"/>
	<Project>
		<Option title="stack_calc"/>
		<Option makefile_is_custom="1"/>
		<Option compiler="gcc"/>
		<Option virtualFolders="CMake Files\;CMake Files\googletest\;CMake Files\googletest\googlemock\;CMake Files\googletest\googlemock\cmake\;CMake Files\googletest\googletest\;CMake Files\googletest\googletest\cmake\;"/>
		<Build>
			<Target title="all">
				<Option working_dir="/Users/u53r/CLionProjects/labs/stack_calc"/>
				<Option type="4"/>
				<MakeCommands>
					<Build command="/usr/bin/make -j8 -f &quot;/Users/u53r/CLionProjects/labs/stack_calc/Makefile&quot;  VERBOSE=1 all"/>
					<CompileFile command="/usr/bin/make -j8 -f &quot;/Users/u53r/CLionProjects/labs/stack_calc/Makefile&quot;  VERBOSE=1 &quot;$file&quot;"/>
					<Clean command="/usr/bin/make -j8 -f &quot;/Users/u53r/CLionProjects/labs/stack_calc/Makefile&quot;  VERBOSE=1 clean"/>
					<DistClean command="/usr/bin/make -j8 -f &quot;/Users/u53r/CLionProjects/labs/stack_calc/Makefile&quot;  VERBOSE=1 clean"/>
				</MakeCommands>
			</Target>
			<Target title="install/strip">
				<Option working_dir="/Users/u53r/CLionProjects/labs/stack_calc"/>
				<Option type="4"/>
				<MakeCommands>
					<Build command="/usr/bin/make -j8 -f &quot;/Users/u53r/CLionProjects/labs/stack_calc/Makefile&quot;  VERBOSE=1 install/strip"/>
					<CompileFile command="/usr/bin/make -j8 -f &quot;/Users/u53r/CLionProjects/labs/stack_calc/Makefile&quot;  VERBOSE=1 &quot;$file&quot;"/>
					<Clean command="/usr/bin/make -j8 -f &quot;/Users/u53r/CLionProjects/labs/stack_calc/Makefile&quot;  VERBOSE=1 clean"/>
					<DistClean command="/usr/bin/make -j8 -f &quot;/Users/u53r/CLionProjects/labs/stack_calc/Makefile&quot;  VERBOSE=1 clean"/>
				</MakeCommands>
			</Target>
			<Target title="install">
				<Option working_dir="/Users/u53r/CLionProjects/labs/stack_calc"/>
				<Option type="4"/>
				<MakeCommands>
					<Build command="/usr/bin/make -j8 -f &quot;/Users/u53r/CLionProjects/labs/stack_calc/Makefile&quot;  VERBOSE=1 install"/>
					<CompileFile command="/usr/bin/make -j8 -f &quot;/Users/u53r/CLionProjects/labs/stack_calc/Makefile&quot;  VERBOSE=1 &quot;$file&quot;"/>
					<Clean command="/usr/bin/make -j8 -f &quot;/Users/u53r/CLionProjects/labs/stack_calc/Makefile&quot;  VERBOSE=1 clean"/>
					<DistClean command="/usr/bin/make -j8 -f &quot;/Users/u53r/CLionProjects/labs/stack_calc/Makefile&quot;  VERBOSE=1 clean"/>
				</MakeCommands>
			</Target>
			<Target title="rebuild_cache">
				<Option working_dir="/Users/u53r/CLionProjects/labs/stack_calc"/>
				<Option type="4"/>
				<MakeCommands>
					<Build command="/usr/bin/make -j8 -f &quot;/Users/u53r/CLionProjects/labs/stack_calc/Makefile&quot;  VERBOSE=1 rebuild_cache"/>
					<CompileFile command="/usr/bin/make -j8 -f &quot;/Users/u53r/CLionProjects/labs/stack_calc/Makefile&quot;  VERBOSE=1 &quot;$file&quot;"/>
					<Clean command="/usr/bin/make -j8 -f &quot;/Users/u53r/CLionProjects/labs/stack_calc/Makefile&quot;  VERBOSE=1 clean"/>
					<DistClean command="/usr/bin/make -j8 -f &quot;/Users/u53r/CLionProjects/labs/stack_calc/Makefile&quot;  VERBOSE=1 clean"/>
				</MakeCommands>
			</Target>
			<Target title="edit_cache">
				<Option working_dir="/Users/u53r/CLionProjects/labs/stack_calc"/>
				<Option type="4"/>
				<MakeCommands>
					<Build command="/usr/bin/make -j8 -f &quot;/Users/u53r/CLionProjects/labs/stack_calc/Makefile&quot;  VERBOSE=1 edit_cache"/>
					<CompileFile command="/usr/bin/make -j8 -f &quot;/Users/u53r/CLionProjects/labs/stack_calc/Makefile&quot;  VERBOSE=1 &quot;$file&quot;"/>
					<Clean command="/usr/bin/make -j8 -f &quot;/Users/u53r/CLionProjects/labs/stack_calc/Makefile&quot;  VERBOSE=1 clean"/>
					<DistClean command="/usr/bin/make -j8 -f &quot;/Users/u53r/CLionProjects/labs/stack_calc/Makefile&quot;  VERBOSE=1 clean"/>
				</MakeCommands>
			</Target>
			<Target title="list_install_components">
				<Option working_dir="/Users/u53r/CLionProjects/labs/stack_calc"/>
				<Option type="4"/>
				<MakeCommands>
					<Build command="/usr/bin/make -j8 -f &quot;/Users/u53r/CLionProjects/labs/stack_calc/Makefile&quot;  VERBOSE=1 list_install_components"/>
					<CompileFile command="/usr/bin/make -j8 -f &quot;/Users/u53r/CLionProjects/labs/stack_calc/Makefile&quot;  VERBOSE=1 &quot;$file&quot;"/>
					<Clean command="/usr/bin/make -j8 -f &quot;/Users/u53r/CLionProjects/labs/stack_calc/Makefile&quot;  VERBOSE=1 clean"/>
					<DistClean command="/usr/bin/make -j8 -f &quot;/Users/u53r/CLionProjects/labs/stack_calc/Makefile&quot;  VERBOSE=1 clean"/>
				</MakeCommands>
			</Target>
			<Target title="stack_calc_test">
				<Option output="/Users/u53r/CLionProjects/labs/stack_calc/stack_calc_test" prefix_auto="0" extension_auto="0"/>
				<Option working_dir="/Users/u53r/CLionProjects/labs/stack_calc"/>
				<Option object_output="./"/>
				<Option type="1"/>
				<Option compiler="gcc"/>
				<Compiler>
					<Add directory="/Users/u53r/CLionProjects/labs/stack_calc/SafeInt"/>
					<Add directory="/Users/u53r/CLionProjects/labs/stack_calc/googletest/googletest/include"/>
					<Add directory="/Users/u53r/CLionProjects/labs/stack_calc/googletest/googletest"/>
					<Add directory="/Library/Developer/CommandLineTools/usr/bin/../include/c++/v1"/>
					<Add directory="/usr/local/include"/>
					<Add directory="/Library/Developer/CommandLineTools/usr/lib/clang/12.0.5/include"/>
					<Add directory="/Library/Developer/CommandLineTools/usr/include"/>
					<Add directory="/System/Library/Frameworks"/>
					<Add directory="/Library/Frameworks"/>
				</Compiler>
				<MakeCommands>
					<Build command="/usr/bin/make -j8 -f &quot;/Users/u53r/CLionProjects/labs/stack_calc/Makefile&quot;  VERBOSE=1 stack_calc_test"/>
					<CompileFile command="/usr/bin/make -j8 -f &quot;/Users/u53r/CLionProjects/labs/stack_calc/Makefile&quot;  VERBOSE=1 &quot;$file&quot;"/>
					<Clean command="/usr/bin/make -j8 -f &quot;/Users/u53r/CLionProjects/labs/stack_calc/Makefile&quot;  VERBOSE=1 clean"/>
					<DistClean command="/usr/bin/make -j8 -f &quot;/Users/u53r/CLionProjects/labs/stack_calc/Makefile&quot;  VERBOSE=1 clean"/>
				</MakeCommands>
			</Target>
			<Target title="stack_calc_test/fast">
				<Option output="/Users/u53r/CLionProjects/labs/stack_calc/stack_calc_test" prefix_auto="0" extension_auto="0"/>
				<Option working_dir="/Users/u53r/CLionProjects/labs/stack_calc"/>
				<Option object_output="./"/>
				<Option type="1"/>
				<Option compiler="gcc"/>
				<Compiler>
					<Add directory="/Users/u53r/CLionProjects/labs/stack_calc/SafeInt"/>
					<Add directory="/Users/u53r/CLionProjects/labs/stack_calc/googletest/googletest/include"/>
					<Add directory="/Users/u53r/CLionProjects/labs/stack_calc/googletest/googletest"/>
					<Add directory="/Library/Developer/CommandLineTools/usr/bin/../include/c++/v1"/>
					<Add directory="/usr/local/include"/>
					<Add directory="/Library/Developer/CommandLineTools/usr/lib/clang/12.0.5/include"/>
					<Add directory="/Library/Developer/CommandLineTools/usr/include"/>
					<Add directory="/System/Library/Frameworks"/>
					<Add directory="/Library/Frameworks"/>
				</Compiler>
				<MakeCommands>
					<Build command="/usr/bin/make -j8 -f &quot;/Users/u53r/CLionProjects/labs/stack_calc/Makefile&quot;  VERBOSE=1 stack_calc_test/fast"/>
					<CompileFile command="/usr/bin/make -j8 -f &quot;/Users/u53r/CLionProjects/labs/stack_calc/Makefile&quot;  VERBOSE=1 &quot;$file&quot;"/>
					<Clean command="/usr/bin/make -j8 -f &quot;/Users/u53r/CLionProjects/labs/stack_calc/Makefile&quot;  VERBOSE=1 clean"/>
					<DistClean command="/usr/bin/make -j8 -f &quot;/Users/u53r/CLionProjects/labs/stack_calc/Makefile&quot;  VERBOSE=1 clean"/>
				</MakeCommands>
			</Target>
			<Target title="install/local">
				<Option working_dir="/Users/u53r/CLionProjects/labs/stack_calc"/>
				<Option type="4"/>
				<MakeCommands>
					<Build command="/usr/bin/make -j8 -f &quot;/Users/u53r/CLionProjects/labs/stack_calc/Makefile&quot;  VERBOSE=1 install/local"/>
					<CompileFile command="/usr/bin/make -j8 -f &quot;/Users/u53r/CLionProjects/labs/stack_calc/Makefile&quot;  VERBOSE=1 &quot;$file&quot;"/>
					<Clean command="/usr/bin/make -j8 -f &quot;/Users/u53r/CLionProjects/labs/stack_calc/Makefile&quot;  VERBOSE=1 clean"/>
					<DistClean command="/usr/bin/make -j8 -f &quot;/Users/u53r/CLionProjects/labs/stack_calc/Makefile&quot;  VERBOSE=1 clean"/>
				</MakeCommands>
			</Target>
			<Target title="stack_calc">
				<Option output="/Users/u53r/CLionProjects/labs/stack_calc/stack_calc" prefix_auto="0" extension_auto="0"/>
				<Option working_dir="/Users/u53r/CLionProjects/labs/stack_calc"/>
				<Option object_output="./"/>
				<Option type="1"/>
				<Option compiler="gcc"/>
				<Compiler>
					<Add directory="/Users/u53r/CLionProjects/labs/stack_calc/SafeInt"/>
					<Add directory="/Library/Developer/CommandLineTools/usr/bin/../include/c++/v1"/>
					<Add directory="/usr/local/include"/>
					<Add directory="/Library/Developer/CommandLineTools/usr/lib/clang/12.0.5/include"/>
					<Add directory="/Library/Developer/CommandLineTools/usr/include"/>
					<Add directory="/System/Library/Frameworks"/>
					<Add directory="/Library/Frameworks"/>
				</Compiler>
				<MakeCommands>
					<Build command="/usr/bin/make -j8 -f &quot;/Users/u53r/CLionProjects/labs/stack_calc/Makefile&quot;  VERBOSE=1 stack_calc"/>
					<CompileFile command="/usr/bin/make -j8 -f &quot;/Users/u53r/CLionProjects/labs/stack_calc/Makefile&quot;  VERBOSE=1 &quot;$file&quot;"/>
					<Clean command="/usr/bin/make -j8 -f &quot;/Users/u53r/CLionProjects/labs/stack_calc/Makefile&quot;  VERBOSE=1 clean"/>
					<DistClean command="/usr/bin/make -j8 -f &quot;/Users/u53r/CLionProjects/labs/stack_calc/Makefile&quot;  VERBOSE=1 clean"/>
				</MakeCommands>
			</Target>
			<Target title="stack_calc/fast">
				<Option output="/Users/u53r/CLionProjects/labs/stack_calc/stack_calc" prefix_auto="0" extension_auto="0"/>
				<Option working_dir="/Users/u53r/CLionProjects/labs/stack_calc"/>
				<Option object_output="./"/>
				<Option type="1"/>
				<Option compiler="gcc"/>
				<Compiler>
					<Add directory="/Users/u53r/CLionProjects/labs/stack_calc/SafeInt"/>
					<Add directory="/Library/Developer/CommandLineTools/usr/bin/../include/c++/v1"/>
					<Add directory="/usr/local/include"/>
					<Add directory="/Library/Developer/CommandLineTools/usr/lib/clang/12.0.5/include"/>
					<Add directory="/Library/Developer/CommandLineTools/usr/include"/>
					<Add directory="/System/Library/Frameworks"/>
					<Add directory="/Library/Frameworks"/>
				</Compiler>
				<MakeCommands>
					<Build command="/usr/bin/make -j8 -f &quot;/Users/u53r/CLionProjects/labs/stack_calc/Makefile&quot;  VERBOSE=1 stack_calc/fast"/>
					<CompileFile command="/usr/bin/make -j8 -f &quot;/Users/u53r/CLionProjects/labs/stack_calc/Makefile&quot;  VERBOSE=1 &quot;$file&quot;"/>
					<Clean command="/usr/bin/make -j8 -f &quot;/Users/u53r/CLionProjects/labs/stack_calc/Makefile&quot;  VERBOSE=1 clean"/>
					<DistClean command="/usr/bin/make -j8 -f &quot;/Users/u53r/CLionProjects/labs/stack_calc/Makefile&quot;  VERBOSE=1 clean"/>
				</MakeCommands>
			</Target>
			<Target title="gmock">
				<Option output="/Users/u53r/CLionProjects/labs/stack_calc/lib/libgmockd.a" prefix_auto="0" extension_auto="0"/>
				<Option working_dir="/Users/u53r/CLionProjects/labs/stack_calc/googletest/googlemock"/>
				<Option object_output="./"/>
				<Option type="2"/>
				<Option compiler="gcc"/>
				<Compiler>
					<Add directory="/Users/u53r/CLionProjects/labs/stack_calc/SafeInt"/>
					<Add directory="/Users/u53r/CLionProjects/labs/stack_calc/googletest/googlemock/include"/>
					<Add directory="/Users/u53r/CLionProjects/labs/stack_calc/googletest/googlemock"/>
					<Add directory="/Users/u53r/CLionProjects/labs/stack_calc/googletest/googletest/include"/>
					<Add directory="/Users/u53r/CLionProjects/labs/stack_calc/googletest/googletest"/>
					<Add directory="/Library/Developer/CommandLineTools/usr/bin/../include/c++/v1"/>
					<Add directory="/usr/local/include"/>
					<Add directory="/Library/Developer/CommandLineTools/usr/lib/clang/12.0.5/include"/>
					<Add directory="/Library/Developer/CommandLineTools/usr/include"/>
					<Add directory="/System/Library/Frameworks"/>
					<Add directory="/Library/Frameworks"/>
				</Compiler>
				<MakeCommands>
					<Build command="/usr/bin/make -j8 -f &quot;/Users/u53r/CLionProjects/labs/stack_calc/googletest/googlemock/Makefile&quot;  VERBOSE=1 gmock"/>
					<CompileFile command="/usr/bin/make -j8 -f &quot;/Users/u53r/CLionProjects/labs/stack_calc/googletest/googlemock/Makefile&quot;  VERBOSE=1 &quot;$file&quot;"/>
					<Clean command="/usr/bin/make -j8 -f &quot;/Users/u53r/CLionProjects/labs/stack_calc/googletest/googlemock/Makefile&quot;  VERBOSE=1 clean"/>
					<DistClean command="/usr/bin/make -j8 -f &quot;/Users/u53r/CLionProjects/labs/stack_calc/googletest/googlemock/Makefile&quot;  VERBOSE=1 clean"/>
				</MakeCommands>
			</Target>
			<Target title="gmock/fast">
				<Option output="/Users/u53r/CLionProjects/labs/stack_calc/lib/libgmockd.a" prefix_auto="0" extension_auto="0"/>
				<Option working_dir="/Users/u53r/CLionProjects/labs/stack_calc/googletest/googlemock"/>
				<Option object_output="./"/>
				<Option type="2"/>
				<Option compiler="gcc"/>
				<Compiler>
					<Add directory="/Users/u53r/CLionProjects/labs/stack_calc/SafeInt"/>
					<Add directory="/Users/u53r/CLionProjects/labs/stack_calc/googletest/googlemock/include"/>
					<Add directory="/Users/u53r/CLionProjects/labs/stack_calc/googletest/googlemock"/>
					<Add directory="/Users/u53r/CLionProjects/labs/stack_calc/googletest/googletest/include"/>
					<Add directory="/Users/u53r/CLionProjects/labs/stack_calc/googletest/googletest"/>
					<Add directory="/Library/Developer/CommandLineTools/usr/bin/../include/c++/v1"/>
					<Add directory="/usr/local/include"/>
					<Add directory="/Library/Developer/CommandLineTools/usr/lib/clang/12.0.5/include"/>
					<Add directory="/Library/Developer/CommandLineTools/usr/include"/>
					<Add directory="/System/Library/Frameworks"/>
					<Add directory="/Library/Frameworks"/>
				</Compiler>
				<MakeCommands>
					<Build command="/usr/bin/make -j8 -f &quot;/Users/u53r/CLionProjects/labs/stack_calc/googletest/googlemock/Makefile&quot;  VERBOSE=1 gmock/fast"/>
					<CompileFile command="/usr/bin/make -j8 -f &quot;/Users/u53r/CLionProjects/labs/stack_calc/googletest/googlemock/Makefile&quot;  VERBOSE=1 &quot;$file&quot;"/>
					<Clean command="/usr/bin/make -j8 -f &quot;/Users/u53r/CLionProjects/labs/stack_calc/googletest/googlemock/Makefile&quot;  VERBOSE=1 clean"/>
					<DistClean command="/usr/bin/make -j8 -f &quot;/Users/u53r/CLionProjects/labs/stack_calc/googletest/googlemock/Makefile&quot;  VERBOSE=1 clean"/>
				</MakeCommands>
			</Target>
			<Target title="gmock_main">
				<Option output="/Users/u53r/CLionProjects/labs/stack_calc/lib/libgmock_maind.a" prefix_auto="0" extension_auto="0"/>
				<Option working_dir="/Users/u53r/CLionProjects/labs/stack_calc/googletest/googlemock"/>
				<Option object_output="./"/>
				<Option type="2"/>
				<Option compiler="gcc"/>
				<Compiler>
					<Add directory="/Users/u53r/CLionProjects/labs/stack_calc/SafeInt"/>
					<Add directory="/Users/u53r/CLionProjects/labs/stack_calc/googletest/googlemock/include"/>
					<Add directory="/Users/u53r/CLionProjects/labs/stack_calc/googletest/googlemock"/>
					<Add directory="/Users/u53r/CLionProjects/labs/stack_calc/googletest/googletest/include"/>
					<Add directory="/Users/u53r/CLionProjects/labs/stack_calc/googletest/googletest"/>
					<Add directory="/Library/Developer/CommandLineTools/usr/bin/../include/c++/v1"/>
					<Add directory="/usr/local/include"/>
					<Add directory="/Library/Developer/CommandLineTools/usr/lib/clang/12.0.5/include"/>
					<Add directory="/Library/Developer/CommandLineTools/usr/include"/>
					<Add directory="/System/Library/Frameworks"/>
					<Add directory="/Library/Frameworks"/>
				</Compiler>
				<MakeCommands>
					<Build command="/usr/bin/make -j8 -f &quot;/Users/u53r/CLionProjects/labs/stack_calc/googletest/googlemock/Makefile&quot;  VERBOSE=1 gmock_main"/>
					<CompileFile command="/usr/bin/make -j8 -f &quot;/Users/u53r/CLionProjects/labs/stack_calc/googletest/googlemock/Makefile&quot;  VERBOSE=1 &quot;$file&quot;"/>
					<Clean command="/usr/bin/make -j8 -f &quot;/Users/u53r/CLionProjects/labs/stack_calc/googletest/googlemock/Makefile&quot;  VERBOSE=1 clean"/>
					<DistClean command="/usr/bin/make -j8 -f &quot;/Users/u53r/CLionProjects/labs/stack_calc/googletest/googlemock/Makefile&quot;  VERBOSE=1 clean"/>
				</MakeCommands>
			</Target>
			<Target title="gmock_main/fast">
				<Option output="/Users/u53r/CLionProjects/labs/stack_calc/lib/libgmock_maind.a" prefix_auto="0" extension_auto="0"/>
				<Option working_dir="/Users/u53r/CLionProjects/labs/stack_calc/googletest/googlemock"/>
				<Option object_output="./"/>
				<Option type="2"/>
				<Option compiler="gcc"/>
				<Compiler>
					<Add directory="/Users/u53r/CLionProjects/labs/stack_calc/SafeInt"/>
					<Add directory="/Users/u53r/CLionProjects/labs/stack_calc/googletest/googlemock/include"/>
					<Add directory="/Users/u53r/CLionProjects/labs/stack_calc/googletest/googlemock"/>
					<Add directory="/Users/u53r/CLionProjects/labs/stack_calc/googletest/googletest/include"/>
					<Add directory="/Users/u53r/CLionProjects/labs/stack_calc/googletest/googletest"/>
					<Add directory="/Library/Developer/CommandLineTools/usr/bin/../include/c++/v1"/>
					<Add directory="/usr/local/include"/>
					<Add directory="/Library/Developer/CommandLineTools/usr/lib/clang/12.0.5/include"/>
					<Add directory="/Library/Developer/CommandLineTools/usr/include"/>
					<Add directory="/System/Library/Frameworks"/>
					<Add directory="/Library/Frameworks"/>
				</Compiler>
				<MakeCommands>
					<Build command="/usr/bin/make -j8 -f &quot;/Users/u53r/CLionProjects/labs/stack_calc/googletest/googlemock/Makefile&quot;  VERBOSE=1 gmock_main/fast"/>
					<CompileFile command="/usr/bin/make -j8 -f &quot;/Users/u53r/CLionProjects/labs/stack_calc/googletest/googlemock/Makefile&quot;  VERBOSE=1 &quot;$file&quot;"/>
					<Clean command="/usr/bin/make -j8 -f &quot;/Users/u53r/CLionProjects/labs/stack_calc/googletest/googlemock/Makefile&quot;  VERBOSE=1 clean"/>
					<DistClean command="/usr/bin/make -j8 -f &quot;/Users/u53r/CLionProjects/labs/stack_calc/googletest/googlemock/Makefile&quot;  VERBOSE=1 clean"/>
				</MakeCommands>
			</Target>
			<Target title="gtest_main">
				<Option output="/Users/u53r/CLionProjects/labs/stack_calc/lib/libgtest_maind.a" prefix_auto="0" extension_auto="0"/>
				<Option working_dir="/Users/u53r/CLionProjects/labs/stack_calc/googletest/googletest"/>
				<Option object_output="./"/>
				<Option type="2"/>
				<Option compiler="gcc"/>
				<Compiler>
					<Add directory="/Users/u53r/CLionProjects/labs/stack_calc/SafeInt"/>
					<Add directory="/Users/u53r/CLionProjects/labs/stack_calc/googletest/googletest/include"/>
					<Add directory="/Users/u53r/CLionProjects/labs/stack_calc/googletest/googletest"/>
					<Add directory="/Library/Developer/CommandLineTools/usr/bin/../include/c++/v1"/>
					<Add directory="/usr/local/include"/>
					<Add directory="/Library/Developer/CommandLineTools/usr/lib/clang/12.0.5/include"/>
					<Add directory="/Library/Developer/CommandLineTools/usr/include"/>
					<Add directory="/System/Library/Frameworks"/>
					<Add directory="/Library/Frameworks"/>
				</Compiler>
				<MakeCommands>
					<Build command="/usr/bin/make -j8 -f &quot;/Users/u53r/CLionProjects/labs/stack_calc/googletest/googletest/Makefile&quot;  VERBOSE=1 gtest_main"/>
					<CompileFile command="/usr/bin/make -j8 -f &quot;/Users/u53r/CLionProjects/labs/stack_calc/googletest/googletest/Makefile&quot;  VERBOSE=1 &quot;$file&quot;"/>
					<Clean command="/usr/bin/make -j8 -f &quot;/Users/u53r/CLionProjects/labs/stack_calc/googletest/googletest/Makefile&quot;  VERBOSE=1 clean"/>
					<DistClean command="/usr/bin/make -j8 -f &quot;/Users/u53r/CLionProjects/labs/stack_calc/googletest/googletest/Makefile&quot;  VERBOSE=1 clean"/>
				</MakeCommands>
			</Target>
			<Target title="gtest_main/fast">
				<Option output="/Users/u53r/CLionProjects/labs/stack_calc/lib/libgtest_maind.a" prefix_auto="0" extension_auto="0"/>
				<Option working_dir="/Users/u53r/CLionProjects/labs/stack_calc/googletest/googletest"/>
				<Option object_output="./"/>
				<Option type="2"/>
				<Option compiler="gcc"/>
				<Compiler>
					<Add directory="/Users/u53r/CLionProjects/labs/stack_calc/SafeInt"/>
					<Add directory="/Users/u53r/CLionProjects/labs/stack_calc/googletest/googletest/include"/>
					<Add directory="/Users/u53r/CLionProjects/labs/stack_calc/googletest/googletest"/>
					<Add directory="/Library/Developer/CommandLineTools/usr/bin/../include/c++/v1"/>
					<Add directory="/usr/local/include"/>
					<Add directory="/Library/Developer/CommandLineTools/usr/lib/clang/12.0.5/include"/>
					<Add directory="/Library/Developer/CommandLineTools/usr/include"/>
					<Add directory="/System/Library/Frameworks"/>
					<Add directory="/Library/Frameworks"/>
				</Compiler>
				<MakeCommands>
					<Build command="/usr/bin/make -j8 -f &quot;/Users/u53r/CLionProjects/labs/stack_calc/googletest/googletest/Makefile&quot;  VERBOSE=1 gtest_main/fast"/>
					<CompileFile command="/usr/bin/make -j8 -f &quot;/Users/u53r/CLionProjects/labs/stack_calc/googletest/googletest/Makefile&quot;  VERBOSE=1 &quot;$file&quot;"/>
					<Clean command="/usr/bin/make -j8 -f &quot;/Users/u53r/CLionProjects/labs/stack_calc/googletest/googletest/Makefile&quot;  VERBOSE=1 clean"/>
					<DistClean command="/usr/bin/make -j8 -f &quot;/Users/u53r/CLionProjects/labs/stack_calc/googletest/googletest/Makefile&quot;  VERBOSE=1 clean"/>
				</MakeCommands>
			</Target>
			<Target title="gtest">
				<Option output="/Users/u53r/CLionProjects/labs/stack_calc/lib/libgtestd.a" prefix_auto="0" extension_auto="0"/>
				<Option working_dir="/Users/u53r/CLionProjects/labs/stack_calc/googletest/googletest"/>
				<Option object_output="./"/>
				<Option type="2"/>
				<Option compiler="gcc"/>
				<Compiler>
					<Add directory="/Users/u53r/CLionProjects/labs/stack_calc/SafeInt"/>
					<Add directory="/Users/u53r/CLionProjects/labs/stack_calc/googletest/googletest/include"/>
					<Add directory="/Users/u53r/CLionProjects/labs/stack_calc/googletest/googletest"/>
					<Add directory="/Library/Developer/CommandLineTools/usr/bin/../include/c++/v1"/>
					<Add directory="/usr/local/include"/>
					<Add directory="/Library/Developer/CommandLineTools/usr/lib/clang/12.0.5/include"/>
					<Add directory="/Library/Developer/CommandLineTools/usr/include"/>
					<Add directory="/System/Library/Frameworks"/>
					<Add directory="/Library/Frameworks"/>
				</Compiler>
				<MakeCommands>
					<Build command="/usr/bin/make -j8 -f &quot;/Users/u53r/CLionProjects/labs/stack_calc/googletest/googletest/Makefile&quot;  VERBOSE=1 gtest"/>
					<CompileFile command="/usr/bin/make -j8 -f &quot;/Users/u53r/CLionProjects/labs/stack_calc/googletest/googletest/Makefile&quot;  VERBOSE=1 &quot;$file&quot;"/>
					<Clean command="/usr/bin/make -j8 -f &quot;/Users/u53r/CLionProjects/labs/stack_calc/googletest/googletest/Makefile&quot;  VERBOSE=1 clean"/>
					<DistClean command="/usr/bin/make -j8 -f &quot;/Users/u53r/CLionProjects/labs/stack_calc/googletest/googletest/Makefile&quot;  VERBOSE=1 clean"/>
				</MakeCommands>
			</Target>
			<Target title="gtest/fast">
				<Option output="/Users/u53r/CLionProjects/labs/stack_calc/lib/libgtestd.a" prefix_auto="0" extension_auto="0"/>
				<Option working_dir="/Users/u53r/CLionProjects/labs/stack_calc/googletest/googletest"/>
				<Option object_output="./"/>
				<Option type="2"/>
				<Option compiler="gcc"/>
				<Compiler>
					<Add directory="/Users/u53r/CLionProjects/labs/stack_calc/SafeInt"/>
					<Add directory="/Users/u53r/CLionProjects/labs/stack_calc/googletest/googletest/include"/>
					<Add directory="/Users/u53r/CLionProjects/labs/stack_calc/googletest/googletest"/>
					<Add directory="/Library/Developer/CommandLineTools/usr/bin/../include/c++/v1"/>
					<Add directory="/usr/local/include"/>
					<Add directory="/Library/Developer/CommandLineTools/usr/lib/clang/12.0.5/include"/>
					<Add directory="/Library/Developer/CommandLineTools/usr/include"/>
					<Add directory="/System/Library/Frameworks"/>
					<Add directory="/Library/Frameworks"/>
				</Compiler>
				<MakeCommands>
					<Build command="/usr/bin/make -j8 -f &quot;/Users/u53r/CLionProjects/labs/stack_calc/googletest/googletest/Makefile&quot;  VERBOSE=1 gtest/fast"/>
					<CompileFile command="/usr/bin/make -j8 -f &quot;/Users/u53r/CLionProjects/labs/stack_calc/googletest/googletest/Makefile&quot;  VERBOSE=1 &quot;$file&quot;"/>
					<Clean command="/usr/bin/make -j8 -f &quot;/Users/u53r/CLionProjects/labs/stack_calc/googletest/googletest/Makefile&quot;  VERBOSE=1 clean"/>
					<DistClean command="/usr/bin/make -j8 -f &quot;/Users/u53r/CLionProjects/labs/stack_calc/googletest/googletest/Makefile&quot;  VERBOSE=1 clean"/>
				</MakeCommands>
			</Target>
		</Build>
		<Unit filename="/Users/u53r/CLionProjects/labs/stack_calc/Actions.cpp">
			<Option target="stack_calc_test"/>
			<Option target="stack_calc"/>
		</Unit>
		<Unit filename="/Users/u53r/CLionProjects/labs/stack_calc/Actions.h">
			<Option target="stack_calc_test"/>
			<Option target="stack_calc"/>
		</Unit>
		<Unit filename="/Users/u53r/CLionProjects/labs/stack_calc/ConcreteActionCreator.cpp">
			<Option target="stack_calc_test"/>
			<Option target="stack_calc"/>
		</Unit>
		<Unit filename="/Users/u53r/CLionProjects/labs/stack_calc/ConcreteActionCreator.h">
			<Option target="stack_calc_test"/>
			<Option target="stack_calc"/>
		</Unit>
		<Unit filename="/Users/u53r/CLionProjects/labs/stack_calc/StackCalc.cpp">
			<Option target="stack_calc_test"/>
			<Option target="stack_calc"/>
		</Unit>
		<Unit filename="/Users/u53r/CLionProjects/labs/stack_calc/StackCalc.h">
			<Option target="stack_calc_test"/>
			<Option target="stack_calc"/>
		</Unit>
		<Unit filename="/Users/u53r/CLionProjects/labs/stack_calc/googletest/googlemock/src/gmock-all.cc">
			<Option target="gmock"/>
		</Unit>
		<Unit filename="/Users/u53r/CLionProjects/labs/stack_calc/googletest/googlemock/src/gmock_main.cc">
			<Option target="gmock_main"/>
		</Unit>
		<Unit filename="/Users/u53r/CLionProjects/labs/stack_calc/googletest/googletest/src/gtest-all.cc">
			<Option target="gtest"/>
		</Unit>
		<Unit filename="/Users/u53r/CLionProjects/labs/stack_calc/googletest/googletest/src/gtest_main.cc">
			<Option target="gtest_main"/>
		</Unit>
		<Unit filename="/Users/u53r/CLionProjects/labs/stack_calc/main.cpp">
			<Option target="stack_calc"/>
		</Unit>
		<Unit filename="/Users/u53r/CLionProjects/labs/stack_calc/test.cpp">
			<Option target="stack_calc_test"/>
		</Unit>
		<Unit filename="/Users/u53r/CLionProjects/labs/stack_calc/CMakeLists.txt">
			<Option virtualFolder="CMake Files\"/>
		</Unit>
		<Unit filename="/Users/u53r/CLionProjects/labs/stack_calc/googletest/CMakeLists.txt">
			<Option virtualFolder="CMake Files\googletest\"/>
		</Unit>
		<Unit filename="/Users/u53r/CLionProjects/labs/stack_calc/googletest/googlemock/CMakeLists.txt">
			<Option virtualFolder="CMake Files\googletest\googlemock\"/>
		</Unit>
		<Unit filename="/Users/u53r/CLionProjects/labs/stack_calc/googletest/googlemock/cmake/gmock.pc.in">
			<Option virtualFolder="CMake Files\googletest\googlemock\cmake\"/>
		</Unit>
		<Unit filename="/Users/u53r/CLionProjects/labs/stack_calc/googletest/googlemock/cmake/gmock_main.pc.in">
			<Option virtualFolder="CMake Files\googletest\googlemock\cmake\"/>
		</Unit>
		<Unit filename="/Users/u53r/CLionProjects/labs/stack_calc/googletest/googletest/CMakeLists.txt">
			<Option virtualFolder="CMake Files\googletest\googletest\"/>
		</Unit>
		<Unit filename="/Users/u53r/CLionProjects/labs/stack_calc/googletest/googletest/cmake/Config.cmake.in">
			<Option virtualFolder="CMake Files\googletest\googletest\cmake\"/>
		</Unit>
		<Unit filename="/Users/u53r/CLionProjects/labs/stack_calc/googletest/googletest/cmake/gtest.pc.in">
			<Option virtualFolder="CMake Files\googletest\googletest\cmake\"/>
		</Unit>
		<Unit filename="/Users/u53r/CLionProjects/labs/stack_calc/googletest/googletest/cmake/gtest_main.pc.in">
			<Option virtualFolder="CMake Files\googletest\googletest\cmake\"/>
		</Unit>
		<Unit filename="/Users/u53r/CLionProjects/labs/stack_calc/googletest/googletest/cmake/internal_utils.cmake">
			<Option virtualFolder="CMake Files\googletest\googletest\cmake\"/>
		</Unit>
	</Project>
</CodeBlocks_project_file>
